
Microsoft Visual Studio Solution File, Format Version 12.00
# Visual Studio 2012
Project("{FAE04EC0-301F-11D3-BF4B-00C04F79EFBC}") = "HomeGenie", "..\HomeGenie\HomeGenie.csproj", "{BFD3C868-1F62-43FF-8771-CF21825F0C0A}"
EndProject
Project("{2150E333-8FDC-42A3-9474-1A3956D46DE8}") = "MigFiles", "MigFiles", "{52648E06-7C13-4C7A-97B7-2C109FBAC6B7}"
EndProject
Project("{2150E333-8FDC-42A3-9474-1A3956D46DE8}") = "SupportLibraries", "SupportLibraries", "{63A13BEF-B17E-43DE-A96C-D6A1433402DA}"
EndProject
Project("{FAE04EC0-301F-11D3-BF4B-00C04F79EFBC}") = "XTenLib", "..\MigFiles\SupportLibraries\XTenLib\XTenLib.csproj", "{92933BA1-609C-4DE0-B29E-FDA37C7DC0EF}"
EndProject
Project("{FAE04EC0-301F-11D3-BF4B-00C04F79EFBC}") = "ZWaveLib", "..\MigFiles\SupportLibraries\ZWaveLib\ZWaveLib.csproj", "{06995CE8-149B-42FA-B345-FB11C4D6E180}"
EndProject
Project("{FAE04EC0-301F-11D3-BF4B-00C04F79EFBC}") = "W800RF32", "..\MigFiles\SupportLibraries\W800RF32\W800RF32.csproj", "{D98143B1-85B3-4F7F-AFCB-39D2B5DC6C6D}"
EndProject
Project("{FAE04EC0-301F-11D3-BF4B-00C04F79EFBC}") = "SerialPortLib", "..\MigFiles\SupportLibraries\SerialPortLib\SerialPortLib.csproj", "{8118C0B9-3B16-47AA-8B24-E5B15F429F78}"
EndProject
Project("{FAE04EC0-301F-11D3-BF4B-00C04F79EFBC}") = "TUIOLib", "..\MigFiles\SupportLibraries\TUIOLib\TUIOLib.csproj", "{41BAB999-0A6A-48C6-8DA6-B55323BD6B6D}"
EndProject
Project("{FAE04EC0-301F-11D3-BF4B-00C04F79EFBC}") = "TcpClientLib", "..\MigFiles\SupportLibraries\TcpClientLib\TcpClientLib.csproj", "{318D2523-3C8B-4273-B1EA-DE339868403C}"
EndProject
Project("{FAE04EC0-301F-11D3-BF4B-00C04F79EFBC}") = "MIG", "..\MigFiles\MIG\MIG.csproj", "{005357C9-7F8E-458E-AFFA-BF84F7D6A6AE}"
EndProject
Project("{9344BDBB-3E7F-41FC-A0DD-8665D75EE146}") = "Packager", "Packager\Packager.mdproj", "{03C1F6B3-8842-4B2C-AD01-76C153412B52}"
EndProject
Project("{2150E333-8FDC-42A3-9474-1A3956D46DE8}") = "BaseFiles", "BaseFiles", "{3AB8E316-F318-4950-AFA9-DF6D05E44436}"
EndProject
Project("{FAE04EC0-301F-11D3-BF4B-00C04F79EFBC}") = "Common", "..\BaseFiles\Common\Common.csproj", "{0A27EF44-EC80-4FDB-8764-B153C169905D}"
EndProject
Project("{FAE04EC0-301F-11D3-BF4B-00C04F79EFBC}") = "Linux", "..\BaseFiles\Linux\Linux.csproj", "{32CA9FE5-EE29-4931-B7FC-666715B41C6D}"
EndProject
Global
	GlobalSection(SolutionConfigurationPlatforms) = preSolution
		Debug|Any CPU = Debug|Any CPU
		Release|Any CPU = Release|Any CPU
		Default|Any CPU = Default|Any CPU
	EndGlobalSection
	GlobalSection(ProjectConfigurationPlatforms) = postSolution
		{005357C9-7F8E-458E-AFFA-BF84F7D6A6AE}.Debug|Any CPU.ActiveCfg = Debug|Any CPU
		{005357C9-7F8E-458E-AFFA-BF84F7D6A6AE}.Debug|Any CPU.Build.0 = Debug|Any CPU
		{005357C9-7F8E-458E-AFFA-BF84F7D6A6AE}.Default|Any CPU.ActiveCfg = Debug|Any CPU
		{005357C9-7F8E-458E-AFFA-BF84F7D6A6AE}.Default|Any CPU.Build.0 = Debug|Any CPU
		{005357C9-7F8E-458E-AFFA-BF84F7D6A6AE}.Release|Any CPU.ActiveCfg = Release|Any CPU
		{005357C9-7F8E-458E-AFFA-BF84F7D6A6AE}.Release|Any CPU.Build.0 = Release|Any CPU
		{03C1F6B3-8842-4B2C-AD01-76C153412B52}.Debug|Any CPU.ActiveCfg = Default|Any CPU
		{03C1F6B3-8842-4B2C-AD01-76C153412B52}.Default|Any CPU.ActiveCfg = Default|Any CPU
		{03C1F6B3-8842-4B2C-AD01-76C153412B52}.Release|Any CPU.ActiveCfg = Default|Any CPU
		{06995CE8-149B-42FA-B345-FB11C4D6E180}.Debug|Any CPU.ActiveCfg = Debug|Any CPU
		{06995CE8-149B-42FA-B345-FB11C4D6E180}.Debug|Any CPU.Build.0 = Debug|Any CPU
		{06995CE8-149B-42FA-B345-FB11C4D6E180}.Default|Any CPU.ActiveCfg = Debug|Any CPU
		{06995CE8-149B-42FA-B345-FB11C4D6E180}.Default|Any CPU.Build.0 = Debug|Any CPU
		{06995CE8-149B-42FA-B345-FB11C4D6E180}.Release|Any CPU.ActiveCfg = Release|Any CPU
		{06995CE8-149B-42FA-B345-FB11C4D6E180}.Release|Any CPU.Build.0 = Release|Any CPU
		{0A27EF44-EC80-4FDB-8764-B153C169905D}.Debug|Any CPU.ActiveCfg = Debug|Any CPU
		{0A27EF44-EC80-4FDB-8764-B153C169905D}.Debug|Any CPU.Build.0 = Debug|Any CPU
		{0A27EF44-EC80-4FDB-8764-B153C169905D}.Default|Any CPU.ActiveCfg = Debug|Any CPU
		{0A27EF44-EC80-4FDB-8764-B153C169905D}.Default|Any CPU.Build.0 = Debug|Any CPU
		{0A27EF44-EC80-4FDB-8764-B153C169905D}.Release|Any CPU.ActiveCfg = Release|Any CPU
		{0A27EF44-EC80-4FDB-8764-B153C169905D}.Release|Any CPU.Build.0 = Release|Any CPU
		{318D2523-3C8B-4273-B1EA-DE339868403C}.Debug|Any CPU.ActiveCfg = Debug|Any CPU
		{318D2523-3C8B-4273-B1EA-DE339868403C}.Debug|Any CPU.Build.0 = Debug|Any CPU
		{318D2523-3C8B-4273-B1EA-DE339868403C}.Default|Any CPU.ActiveCfg = Debug|Any CPU
		{318D2523-3C8B-4273-B1EA-DE339868403C}.Default|Any CPU.Build.0 = Debug|Any CPU
		{318D2523-3C8B-4273-B1EA-DE339868403C}.Release|Any CPU.ActiveCfg = Release|Any CPU
		{318D2523-3C8B-4273-B1EA-DE339868403C}.Release|Any CPU.Build.0 = Release|Any CPU
		{32CA9FE5-EE29-4931-B7FC-666715B41C6D}.Debug|Any CPU.ActiveCfg = Debug|Any CPU
		{32CA9FE5-EE29-4931-B7FC-666715B41C6D}.Debug|Any CPU.Build.0 = Debug|Any CPU
		{32CA9FE5-EE29-4931-B7FC-666715B41C6D}.Default|Any CPU.ActiveCfg = Debug|Any CPU
		{32CA9FE5-EE29-4931-B7FC-666715B41C6D}.Default|Any CPU.Build.0 = Debug|Any CPU
		{32CA9FE5-EE29-4931-B7FC-666715B41C6D}.Release|Any CPU.ActiveCfg = Release|Any CPU
		{32CA9FE5-EE29-4931-B7FC-666715B41C6D}.Release|Any CPU.Build.0 = Release|Any CPU
		{41BAB999-0A6A-48C6-8DA6-B55323BD6B6D}.Debug|Any CPU.ActiveCfg = Debug|Any CPU
		{41BAB999-0A6A-48C6-8DA6-B55323BD6B6D}.Debug|Any CPU.Build.0 = Debug|Any CPU
		{41BAB999-0A6A-48C6-8DA6-B55323BD6B6D}.Default|Any CPU.ActiveCfg = Debug|Any CPU
		{41BAB999-0A6A-48C6-8DA6-B55323BD6B6D}.Default|Any CPU.Build.0 = Debug|Any CPU
		{41BAB999-0A6A-48C6-8DA6-B55323BD6B6D}.Release|Any CPU.ActiveCfg = Release|Any CPU
		{41BAB999-0A6A-48C6-8DA6-B55323BD6B6D}.Release|Any CPU.Build.0 = Release|Any CPU
		{8118C0B9-3B16-47AA-8B24-E5B15F429F78}.Debug|Any CPU.ActiveCfg = Debug|Any CPU
		{8118C0B9-3B16-47AA-8B24-E5B15F429F78}.Debug|Any CPU.Build.0 = Debug|Any CPU
		{8118C0B9-3B16-47AA-8B24-E5B15F429F78}.Default|Any CPU.ActiveCfg = Debug|Any CPU
		{8118C0B9-3B16-47AA-8B24-E5B15F429F78}.Default|Any CPU.Build.0 = Debug|Any CPU
		{8118C0B9-3B16-47AA-8B24-E5B15F429F78}.Release|Any CPU.ActiveCfg = Release|Any CPU
		{8118C0B9-3B16-47AA-8B24-E5B15F429F78}.Release|Any CPU.Build.0 = Release|Any CPU
		{92933BA1-609C-4DE0-B29E-FDA37C7DC0EF}.Debug|Any CPU.ActiveCfg = Debug|Any CPU
		{92933BA1-609C-4DE0-B29E-FDA37C7DC0EF}.Debug|Any CPU.Build.0 = Debug|Any CPU
		{92933BA1-609C-4DE0-B29E-FDA37C7DC0EF}.Default|Any CPU.ActiveCfg = Debug|Any CPU
		{92933BA1-609C-4DE0-B29E-FDA37C7DC0EF}.Default|Any CPU.Build.0 = Debug|Any CPU
		{92933BA1-609C-4DE0-B29E-FDA37C7DC0EF}.Release|Any CPU.ActiveCfg = Release|Any CPU
		{92933BA1-609C-4DE0-B29E-FDA37C7DC0EF}.Release|Any CPU.Build.0 = Release|Any CPU
		{BFD3C868-1F62-43FF-8771-CF21825F0C0A}.Debug|Any CPU.ActiveCfg = Debug|Any CPU
		{BFD3C868-1F62-43FF-8771-CF21825F0C0A}.Debug|Any CPU.Build.0 = Debug|Any CPU
		{BFD3C868-1F62-43FF-8771-CF21825F0C0A}.Default|Any CPU.ActiveCfg = Debug|Any CPU
		{BFD3C868-1F62-43FF-8771-CF21825F0C0A}.Default|Any CPU.Build.0 = Debug|Any CPU
		{BFD3C868-1F62-43FF-8771-CF21825F0C0A}.Release|Any CPU.ActiveCfg = Release|Any CPU
		{BFD3C868-1F62-43FF-8771-CF21825F0C0A}.Release|Any CPU.Build.0 = Release|Any CPU
		{D98143B1-85B3-4F7F-AFCB-39D2B5DC6C6D}.Debug|Any CPU.ActiveCfg = Debug|Any CPU
		{D98143B1-85B3-4F7F-AFCB-39D2B5DC6C6D}.Debug|Any CPU.Build.0 = Debug|Any CPU
		{D98143B1-85B3-4F7F-AFCB-39D2B5DC6C6D}.Default|Any CPU.ActiveCfg = Debug|Any CPU
		{D98143B1-85B3-4F7F-AFCB-39D2B5DC6C6D}.Default|Any CPU.Build.0 = Debug|Any CPU
		{D98143B1-85B3-4F7F-AFCB-39D2B5DC6C6D}.Release|Any CPU.ActiveCfg = Release|Any CPU
		{D98143B1-85B3-4F7F-AFCB-39D2B5DC6C6D}.Release|Any CPU.Build.0 = Release|Any CPU
	EndGlobalSection
	GlobalSection(NestedProjects) = preSolution
		{63A13BEF-B17E-43DE-A96C-D6A1433402DA} = {52648E06-7C13-4C7A-97B7-2C109FBAC6B7}
		{005357C9-7F8E-458E-AFFA-BF84F7D6A6AE} = {52648E06-7C13-4C7A-97B7-2C109FBAC6B7}
		{92933BA1-609C-4DE0-B29E-FDA37C7DC0EF} = {63A13BEF-B17E-43DE-A96C-D6A1433402DA}
		{06995CE8-149B-42FA-B345-FB11C4D6E180} = {63A13BEF-B17E-43DE-A96C-D6A1433402DA}
		{D98143B1-85B3-4F7F-AFCB-39D2B5DC6C6D} = {63A13BEF-B17E-43DE-A96C-D6A1433402DA}
		{8118C0B9-3B16-47AA-8B24-E5B15F429F78} = {63A13BEF-B17E-43DE-A96C-D6A1433402DA}
		{41BAB999-0A6A-48C6-8DA6-B55323BD6B6D} = {63A13BEF-B17E-43DE-A96C-D6A1433402DA}
		{318D2523-3C8B-4273-B1EA-DE339868403C} = {63A13BEF-B17E-43DE-A96C-D6A1433402DA}
		{0A27EF44-EC80-4FDB-8764-B153C169905D} = {3AB8E316-F318-4950-AFA9-DF6D05E44436}
		{32CA9FE5-EE29-4931-B7FC-666715B41C6D} = {3AB8E316-F318-4950-AFA9-DF6D05E44436}
	EndGlobalSection
	GlobalSection(MonoDevelopProperties) = preSolution
		StartupItem = ..\HomeGenie\HomeGenie.csproj
		Policies = $0
		$0.TextStylePolicy = $1
		$1.FileWidth = 120
		$1.EolMarker = Unix
		$1.inheritsSet = VisualStudio
		$1.inheritsScope = text/plain
		$1.scope = text/x-csharp
		$0.CSharpFormattingPolicy = $2
		$2.AnonymousMethodBraceStyle = NextLine
		$2.PropertyBraceStyle = NextLine
		$2.PropertyGetBraceStyle = NextLine
		$2.PropertySetBraceStyle = NextLine
		$2.EventBraceStyle = NextLine
		$2.EventAddBraceStyle = NextLine
		$2.EventRemoveBraceStyle = NextLine
		$2.StatementBraceStyle = NextLine
		$2.ElseNewLinePlacement = NewLine
		$2.CatchNewLinePlacement = NewLine
		$2.FinallyNewLinePlacement = NewLine
		$2.BeforeMethodDeclarationParentheses = False
		$2.BeforeMethodCallParentheses = False
		$2.BeforeConstructorDeclarationParentheses = False
		$2.BeforeIndexerDeclarationBracket = False
		$2.BeforeDelegateDeclarationParentheses = False
		$2.AfterDelegateDeclarationParameterComma = True
		$2.NewParentheses = False
		$2.SpacesBeforeBrackets = False
		$2.MethodCallArgumentWrapping = WrapIfTooLong
		$2.NewLineAferMethodCallOpenParentheses = NewLine
		$2.MethodCallClosingParenthesesOnNewLine = NewLine
		$2.MethodDeclarationParameterWrapping = WrapIfTooLong
		$2.NewLineAferMethodDeclarationOpenParentheses = NewLine
		$2.MethodDeclarationClosingParenthesesOnNewLine = NewLine
		$2.IndexerDeclarationParameterWrapping = WrapIfTooLong
		$2.NewLineAferIndexerDeclarationOpenBracket = NewLine
		$2.IndexerDeclarationClosingBracketOnNewLine = NewLine
		$2.IndexerArgumentWrapping = WrapIfTooLong
		$2.NewLineAferIndexerOpenBracket = NewLine
		$2.IndexerClosingBracketOnNewLine = NewLine
		$2.inheritsSet = Mono
		$2.inheritsScope = text/x-csharp
		$2.scope = text/x-csharp
		$0.DotNetNamingPolicy = $3
		$3.DirectoryNamespaceAssociation = None
		$3.ResourceNamePolicy = FileFormatDefault
		$0.TextStylePolicy = $4
		$4.FileWidth = 120
		$4.inheritsSet = VisualStudio
		$4.inheritsScope = text/plain
		$4.scope = text/plain
		$0.TextStylePolicy = $5
		$5.inheritsSet = null
		$5.scope = application/xml
		$0.XmlFormattingPolicy = $6
		$6.inheritsSet = Mono
		$6.inheritsScope = application/xml
		$6.scope = application/xml
		$0.TextStylePolicy = $7
		$7.inheritsSet = null
		$7.scope = application/json
		version = 1.0
	EndGlobalSection
	GlobalSection(SolutionProperties) = preSolution
		HideSolutionNode = FALSE
	EndGlobalSection
EndGlobal
