
Microsoft Visual Studio Solution File, Format Version 12.00
# Visual Studio 2012
Project("{FAE04EC0-301F-11D3-BF4B-00C04F79EFBC}") = "HomeGenie", "..\HomeGenie\HomeGenie.csproj", "{BFD3C868-1F62-43FF-8771-CF21825F0C0A}"
EndProject
Project("{9344BDBB-3E7F-41FC-A0DD-8665D75EE146}") = "Packager", "Packager\Packager.mdproj", "{03C1F6B3-8842-4B2C-AD01-76C153412B52}"
EndProject
Project("{2150E333-8FDC-42A3-9474-1A3956D46DE8}") = "BaseFiles", "BaseFiles", "{3AB8E316-F318-4950-AFA9-DF6D05E44436}"
EndProject
Project("{FAE04EC0-301F-11D3-BF4B-00C04F79EFBC}") = "Common", "..\BaseFiles\Common\Common.csproj", "{0A27EF44-EC80-4FDB-8764-B153C169905D}"
EndProject
Project("{FAE04EC0-301F-11D3-BF4B-00C04F79EFBC}") = "Linux", "..\BaseFiles\Linux\Linux.csproj", "{32CA9FE5-EE29-4931-B7FC-666715B41C6D}"
EndProject
Project("{2150E333-8FDC-42A3-9474-1A3956D46DE8}") = "SupportLibraries", "SupportLibraries", "{63A13BEF-B17E-43DE-A96C-D6A1433402DA}"
EndProject
Project("{FAE04EC0-301F-11D3-BF4B-00C04F79EFBC}") = "NetClientLib", "..\SupportLibraries\NetClientLib\NetClientLib.csproj", "{318D2523-3C8B-4273-B1EA-DE339868403C}"
EndProject
Global
	GlobalSection(SolutionConfigurationPlatforms) = preSolution
		Debug|Any CPU = Debug|Any CPU
		Release|Any CPU = Release|Any CPU
		Default|Any CPU = Default|Any CPU
	EndGlobalSection
	GlobalSection(ProjectConfigurationPlatforms) = postSolution
		{03C1F6B3-8842-4B2C-AD01-76C153412B52}.Debug|Any CPU.ActiveCfg = Default|Any CPU
		{03C1F6B3-8842-4B2C-AD01-76C153412B52}.Default|Any CPU.ActiveCfg = Default|Any CPU
		{03C1F6B3-8842-4B2C-AD01-76C153412B52}.Release|Any CPU.ActiveCfg = Default|Any CPU
		{0A27EF44-EC80-4FDB-8764-B153C169905D}.Debug|Any CPU.ActiveCfg = Debug|Any CPU
		{0A27EF44-EC80-4FDB-8764-B153C169905D}.Debug|Any CPU.Build.0 = Debug|Any CPU
		{0A27EF44-EC80-4FDB-8764-B153C169905D}.Default|Any CPU.ActiveCfg = Debug|Any CPU
		{0A27EF44-EC80-4FDB-8764-B153C169905D}.Default|Any CPU.Build.0 = Debug|Any CPU
		{0A27EF44-EC80-4FDB-8764-B153C169905D}.Release|Any CPU.ActiveCfg = Release|Any CPU
		{0A27EF44-EC80-4FDB-8764-B153C169905D}.Release|Any CPU.Build.0 = Release|Any CPU
		{318D2523-3C8B-4273-B1EA-DE339868403C}.Debug|Any CPU.ActiveCfg = Debug|Any CPU
		{318D2523-3C8B-4273-B1EA-DE339868403C}.Debug|Any CPU.Build.0 = Debug|Any CPU
		{318D2523-3C8B-4273-B1EA-DE339868403C}.Default|Any CPU.ActiveCfg = Debug|Any CPU
		{318D2523-3C8B-4273-B1EA-DE339868403C}.Default|Any CPU.Build.0 = Debug|Any CPU
		{318D2523-3C8B-4273-B1EA-DE339868403C}.Release|Any CPU.ActiveCfg = Release|Any CPU
		{318D2523-3C8B-4273-B1EA-DE339868403C}.Release|Any CPU.Build.0 = Release|Any CPU
		{32CA9FE5-EE29-4931-B7FC-666715B41C6D}.Debug|Any CPU.ActiveCfg = Debug|Any CPU
		{32CA9FE5-EE29-4931-B7FC-666715B41C6D}.Debug|Any CPU.Build.0 = Debug|Any CPU
		{32CA9FE5-EE29-4931-B7FC-666715B41C6D}.Default|Any CPU.ActiveCfg = Debug|Any CPU
		{32CA9FE5-EE29-4931-B7FC-666715B41C6D}.Default|Any CPU.Build.0 = Debug|Any CPU
		{32CA9FE5-EE29-4931-B7FC-666715B41C6D}.Release|Any CPU.ActiveCfg = Release|Any CPU
		{32CA9FE5-EE29-4931-B7FC-666715B41C6D}.Release|Any CPU.Build.0 = Release|Any CPU
		{BFD3C868-1F62-43FF-8771-CF21825F0C0A}.Debug|Any CPU.ActiveCfg = Debug|Any CPU
		{BFD3C868-1F62-43FF-8771-CF21825F0C0A}.Debug|Any CPU.Build.0 = Debug|Any CPU
		{BFD3C868-1F62-43FF-8771-CF21825F0C0A}.Default|Any CPU.ActiveCfg = Debug|Any CPU
		{BFD3C868-1F62-43FF-8771-CF21825F0C0A}.Default|Any CPU.Build.0 = Debug|Any CPU
		{BFD3C868-1F62-43FF-8771-CF21825F0C0A}.Release|Any CPU.ActiveCfg = Release|Any CPU
		{BFD3C868-1F62-43FF-8771-CF21825F0C0A}.Release|Any CPU.Build.0 = Release|Any CPU
	EndGlobalSection
	GlobalSection(NestedProjects) = preSolution
		{0A27EF44-EC80-4FDB-8764-B153C169905D} = {3AB8E316-F318-4950-AFA9-DF6D05E44436}
		{32CA9FE5-EE29-4931-B7FC-666715B41C6D} = {3AB8E316-F318-4950-AFA9-DF6D05E44436}
		{318D2523-3C8B-4273-B1EA-DE339868403C} = {63A13BEF-B17E-43DE-A96C-D6A1433402DA}
	EndGlobalSection
	GlobalSection(MonoDevelopProperties) = preSolution
		Policies = $0
		$0.TextStylePolicy = $1
		$1.FileWidth = 240
		$1.EolMarker = Unix
		$1.inheritsSet = VisualStudio
		$1.inheritsScope = text/plain
		$1.scope = text/x-csharp
		$0.CSharpFormattingPolicy = $2
		$2.AnonymousMethodBraceStyle = NextLine
		$2.PropertyBraceStyle = NextLine
		$2.PropertyGetBraceStyle = NextLine
		$2.PropertySetBraceStyle = NextLine
		$2.EventBraceStyle = NextLine
		$2.EventAddBraceStyle = NextLine
		$2.EventRemoveBraceStyle = NextLine
		$2.StatementBraceStyle = NextLine
		$2.ElseNewLinePlacement = NewLine
		$2.CatchNewLinePlacement = NewLine
		$2.FinallyNewLinePlacement = NewLine
		$2.BeforeMethodDeclarationParentheses = False
		$2.BeforeMethodCallParentheses = False
		$2.BeforeConstructorDeclarationParentheses = False
		$2.BeforeIndexerDeclarationBracket = False
		$2.BeforeDelegateDeclarationParentheses = False
		$2.AfterDelegateDeclarationParameterComma = True
		$2.NewParentheses = False
		$2.SpacesBeforeBrackets = False
		$2.MethodCallArgumentWrapping = DoNotWrap
		$2.NewLineAferMethodCallOpenParentheses = SameLine
		$2.MethodCallClosingParenthesesOnNewLine = SameLine
		$2.MethodDeclarationParameterWrapping = DoNotWrap
		$2.NewLineAferMethodDeclarationOpenParentheses = SameLine
		$2.MethodDeclarationClosingParenthesesOnNewLine = SameLine
		$2.AlignToFirstMethodDeclarationParameter = False
		$2.IndexerDeclarationParameterWrapping = DoNotWrap
		$2.NewLineAferIndexerDeclarationOpenBracket = SameLine
		$2.IndexerDeclarationClosingBracketOnNewLine = SameLine
		$2.AlignToFirstIndexerDeclarationParameter = False
		$2.IndexerArgumentWrapping = DoNotWrap
		$2.NewLineAferIndexerOpenBracket = SameLine
		$2.IndexerClosingBracketOnNewLine = SameLine
		$2.inheritsSet = Mono
		$2.inheritsScope = text/x-csharp
		$2.scope = text/x-csharp
		$0.DotNetNamingPolicy = $3
		$3.DirectoryNamespaceAssociation = None
		$3.ResourceNamePolicy = FileFormatDefault
		$0.TextStylePolicy = $4
		$4.FileWidth = 240
		$4.EolMarker = Unix
		$4.inheritsSet = VisualStudio
		$4.inheritsScope = text/plain
		$4.scope = text/plain
		$0.TextStylePolicy = $5
		$5.inheritsSet = null
		$5.scope = application/xml
		$0.XmlFormattingPolicy = $6
		$6.inheritsSet = Mono
		$6.inheritsScope = application/xml
		$6.scope = application/xml
		$0.TextStylePolicy = $7
		$7.inheritsSet = null
		$7.scope = application/json
		$0.TextStylePolicy = $8
		$8.inheritsSet = null
		$8.scope = application/config+xml
		$0.XmlFormattingPolicy = $9
		$9.inheritsSet = null
		$9.scope = application/config+xml
		$0.TextStylePolicy = $10
		$10.inheritsSet = null
		$10.scope = text/cache-manifest
		$0.TextStylePolicy = $11
		$11.inheritsSet = null
		$11.scope = application/x-sh
		$0.TextStylePolicy = $12
		$12.inheritsSet = null
		$12.scope = text/html
		$0.TextStylePolicy = $13
		$13.inheritsSet = null
		$13.scope = text/css
		$0.TextStylePolicy = $14
		$14.inheritsSet = null
		$14.scope = application/javascript
		$0.TextStylePolicy = $15
		$15.inheritsSet = null
		$15.scope = text/x-authors
		$0.TextStylePolicy = $16
		$16.inheritsSet = null
		$16.scope = text/x-markdown
		$0.TextStylePolicy = $17
		$17.inheritsSet = null
		$17.scope = image/svg+xml
		$0.XmlFormattingPolicy = $18
		$18.inheritsSet = null
		$18.scope = image/svg+xml
		$0.TextStylePolicy = $19
		$19.inheritsSet = null
		$19.scope = application/x-sharedlib
		$0.StandardHeader = $20
		$20.Text = @/*\n    This file is part of HomeGenie Project source code.\n\n    HomeGenie is free software: you can redistribute it and/or modify\n    it under the terms of the GNU General Public License as published by\n    the Free Software Foundation, either version 3 of the License, or\n    (at your option) any later version.\n\n    HomeGenie is distributed in the hope that it will be useful,\n    but WITHOUT ANY WARRANTY; without even the implied warranty of\n    MERCHANTABILITY or FITNESS FOR A PARTICULAR PURPOSE.  See the\n    GNU General Public License for more details.\n\n    You should have received a copy of the GNU General Public License\n    along with HomeGenie.  If not, see <http://www.gnu.org/licenses/>.  \n*/\n\n/*\n *     Author: Generoso Martello <gene@homegenie.it>\n *     Project Homepage: http://homegenie.it\n */\n\n
		$20.IncludeInNewFiles = False
		$0.NameConventionPolicy = $21
		$21.Rules = $22
		$22.NamingRule = $23
		$23.Name = Namespaces
		$23.AffectedEntity = Namespace
		$23.VisibilityMask = VisibilityMask
		$23.NamingStyle = PascalCase
		$23.IncludeInstanceMembers = True
		$23.IncludeStaticEntities = True
		$22.NamingRule = $24
		$24.Name = Types
		$24.AffectedEntity = Class, Struct, Enum, Delegate
		$24.VisibilityMask = Public
		$24.NamingStyle = PascalCase
		$24.IncludeInstanceMembers = True
		$24.IncludeStaticEntities = True
		$22.NamingRule = $25
		$25.Name = Interfaces
		$25.RequiredPrefixes = $26
		$26.String = I
		$25.AffectedEntity = Interface
		$25.VisibilityMask = Public
		$25.NamingStyle = PascalCase
		$25.IncludeInstanceMembers = True
		$25.IncludeStaticEntities = True
		$22.NamingRule = $27
		$27.Name = Attributes
		$27.RequiredSuffixes = $28
		$28.String = Attribute
		$27.AffectedEntity = CustomAttributes
		$27.VisibilityMask = Public
		$27.NamingStyle = PascalCase
		$27.IncludeInstanceMembers = True
		$27.IncludeStaticEntities = True
		$22.NamingRule = $29
		$29.Name = Event Arguments
		$29.RequiredSuffixes = $30
		$30.String = EventArgs
		$29.AffectedEntity = CustomEventArgs
		$29.VisibilityMask = Public
		$29.NamingStyle = PascalCase
		$29.IncludeInstanceMembers = True
		$29.IncludeStaticEntities = True
		$22.NamingRule = $31
		$31.Name = Exceptions
		$31.RequiredSuffixes = $32
		$32.String = Exception
		$31.AffectedEntity = CustomExceptions
		$31.VisibilityMask = VisibilityMask
		$31.NamingStyle = PascalCase
		$31.IncludeInstanceMembers = True
		$31.IncludeStaticEntities = True
		$22.NamingRule = $33
		$33.Name = Methods
		$33.AffectedEntity = Methods
		$33.VisibilityMask = Protected, Public
		$33.NamingStyle = PascalCase
		$33.IncludeInstanceMembers = True
		$33.IncludeStaticEntities = True
		$22.NamingRule = $34
		$34.Name = Static Readonly Fields
		$34.AffectedEntity = ReadonlyField
		$34.VisibilityMask = Protected, Public
		$34.NamingStyle = PascalCase
		$34.IncludeInstanceMembers = False
		$34.IncludeStaticEntities = True
		$22.NamingRule = $35
		$35.Name = Fields
		$35.AffectedEntity = Field
		$35.VisibilityMask = Protected, Public
		$35.NamingStyle = PascalCase
		$35.IncludeInstanceMembers = True
		$35.IncludeStaticEntities = True
		$22.NamingRule = $36
		$36.Name = ReadOnly Fields
		$36.AffectedEntity = ReadonlyField
		$36.VisibilityMask = Protected, Public
		$36.NamingStyle = PascalCase
		$36.IncludeInstanceMembers = True
		$36.IncludeStaticEntities = False
		$22.NamingRule = $37
		$37.Name = Constant Fields
		$37.AffectedEntity = ConstantField
		$37.VisibilityMask = Protected, Public
		$37.NamingStyle = PascalCase
		$37.IncludeInstanceMembers = True
		$37.IncludeStaticEntities = True
		$22.NamingRule = $38
		$38.Name = Properties
		$38.AffectedEntity = Property
		$38.VisibilityMask = Protected, Public
		$38.NamingStyle = PascalCase
		$38.IncludeInstanceMembers = True
		$38.IncludeStaticEntities = True
		$22.NamingRule = $39
		$39.Name = Events
		$39.AffectedEntity = Event
		$39.VisibilityMask = Protected, Public
		$39.NamingStyle = PascalCase
		$39.IncludeInstanceMembers = True
		$39.IncludeStaticEntities = True
		$22.NamingRule = $40
		$40.Name = Enum Members
		$40.AffectedEntity = EnumMember
		$40.VisibilityMask = VisibilityMask
		$40.NamingStyle = PascalCase
		$40.IncludeInstanceMembers = True
		$40.IncludeStaticEntities = True
		$22.NamingRule = $41
		$41.Name = Parameters
		$41.AffectedEntity = Parameter
		$41.VisibilityMask = VisibilityMask
		$41.NamingStyle = CamelCase
		$41.IncludeInstanceMembers = True
		$41.IncludeStaticEntities = True
		$22.NamingRule = $42
		$42.Name = Type Parameters
		$42.RequiredPrefixes = $43
		$43.String = T
		$42.AffectedEntity = TypeParameter
		$42.VisibilityMask = VisibilityMask
		$42.NamingStyle = PascalCase
		$42.IncludeInstanceMembers = True
		$42.IncludeStaticEntities = True
		version = 1.0
	EndGlobalSection
	GlobalSection(SolutionProperties) = preSolution
		HideSolutionNode = FALSE
	EndGlobalSection
EndGlobal
