
Microsoft Visual Studio Solution File, Format Version 11.00
# Visual Studio 2010
Project("{FAE04EC0-301F-11D3-BF4B-00C04F79EFBC}") = "HomeGenie", "HomeGenie.csproj", "{BFD3C868-1F62-43FF-8771-CF21825F0C0A}"
EndProject
Project("{2150E333-8FDC-42A3-9474-1A3956D46DE8}") = "MIG-files", "MIG-files", "{FCDD33E8-A197-45D4-9AB3-E76D341852A8}"
EndProject
Project("{FAE04EC0-301F-11D3-BF4B-00C04F79EFBC}") = "MIG", "..\MIG\MIG\MIG.csproj", "{005357C9-7F8E-458E-AFFA-BF84F7D6A6AE}"
EndProject
Project("{2150E333-8FDC-42A3-9474-1A3956D46DE8}") = "Support Libraries", "Support Libraries", "{245C763E-604B-45B1-8A77-BA568E073BEC}"
EndProject
Project("{FAE04EC0-301F-11D3-BF4B-00C04F79EFBC}") = "XTenLib", "..\MIG\Support Libraries\XTenLib\XTenLib.csproj", "{92933BA1-609C-4DE0-B29E-FDA37C7DC0EF}"
EndProject
Project("{FAE04EC0-301F-11D3-BF4B-00C04F79EFBC}") = "ZWaveLib", "..\MIG\Support Libraries\ZWaveLib\ZWaveLib.csproj", "{06995CE8-149B-42FA-B345-FB11C4D6E180}"
EndProject
Project("{FAE04EC0-301F-11D3-BF4B-00C04F79EFBC}") = "W800RF32", "..\MIG\Support Libraries\W800RF32\W800RF32.csproj", "{D98143B1-85B3-4F7F-AFCB-39D2B5DC6C6D}"
EndProject
Project("{FAE04EC0-301F-11D3-BF4B-00C04F79EFBC}") = "SerialPortLib", "..\MIG\Support Libraries\SerialPortLib\SerialPortLib.csproj", "{8118C0B9-3B16-47AA-8B24-E5B15F429F78}"
EndProject
Project("{FAE04EC0-301F-11D3-BF4B-00C04F79EFBC}") = "TcpClientLib", "..\MIG\Support Libraries\TcpClientLib\TcpClientLib.csproj", "{318D2523-3C8B-4273-B1EA-DE339868403C}"
EndProject
Project("{FAE04EC0-301F-11D3-BF4B-00C04F79EFBC}") = "TUIOLib", "..\MIG\Support Libraries\TUIOLib\TUIOLib.csproj", "{41BAB999-0A6A-48C6-8DA6-B55323BD6B6D}"
EndProject
Project("{FAE04EC0-301F-11D3-BF4B-00C04F79EFBC}") = "HomeGenieUI_Mono", "HomeGenieUI\HomeGenieUI_Mono.csproj", "{E20F7347-033B-4378-A4F9-CCD70345B4A1}"
EndProject
Global
	GlobalSection(SolutionConfigurationPlatforms) = preSolution
		Debug|x86 = Debug|x86
		Release|x86 = Release|x86
	EndGlobalSection
	GlobalSection(ProjectConfigurationPlatforms) = postSolution
		{005357C9-7F8E-458E-AFFA-BF84F7D6A6AE}.Debug|x86.ActiveCfg = Debug|Any CPU
		{005357C9-7F8E-458E-AFFA-BF84F7D6A6AE}.Debug|x86.Build.0 = Debug|Any CPU
		{005357C9-7F8E-458E-AFFA-BF84F7D6A6AE}.Release|x86.ActiveCfg = Release|Any CPU
		{005357C9-7F8E-458E-AFFA-BF84F7D6A6AE}.Release|x86.Build.0 = Release|Any CPU
		{06995CE8-149B-42FA-B345-FB11C4D6E180}.Debug|x86.ActiveCfg = Debug|Any CPU
		{06995CE8-149B-42FA-B345-FB11C4D6E180}.Debug|x86.Build.0 = Debug|Any CPU
		{06995CE8-149B-42FA-B345-FB11C4D6E180}.Release|x86.ActiveCfg = Release|Any CPU
		{06995CE8-149B-42FA-B345-FB11C4D6E180}.Release|x86.Build.0 = Release|Any CPU
		{318D2523-3C8B-4273-B1EA-DE339868403C}.Debug|x86.ActiveCfg = Debug|Any CPU
		{318D2523-3C8B-4273-B1EA-DE339868403C}.Debug|x86.Build.0 = Debug|Any CPU
		{318D2523-3C8B-4273-B1EA-DE339868403C}.Release|x86.ActiveCfg = Release|Any CPU
		{318D2523-3C8B-4273-B1EA-DE339868403C}.Release|x86.Build.0 = Release|Any CPU
		{41BAB999-0A6A-48C6-8DA6-B55323BD6B6D}.Debug|x86.ActiveCfg = Debug|Any CPU
		{41BAB999-0A6A-48C6-8DA6-B55323BD6B6D}.Debug|x86.Build.0 = Debug|Any CPU
		{41BAB999-0A6A-48C6-8DA6-B55323BD6B6D}.Release|x86.ActiveCfg = Release|Any CPU
		{41BAB999-0A6A-48C6-8DA6-B55323BD6B6D}.Release|x86.Build.0 = Release|Any CPU
		{8118C0B9-3B16-47AA-8B24-E5B15F429F78}.Debug|x86.ActiveCfg = Debug|Any CPU
		{8118C0B9-3B16-47AA-8B24-E5B15F429F78}.Debug|x86.Build.0 = Debug|Any CPU
		{8118C0B9-3B16-47AA-8B24-E5B15F429F78}.Release|x86.ActiveCfg = Release|Any CPU
		{8118C0B9-3B16-47AA-8B24-E5B15F429F78}.Release|x86.Build.0 = Release|Any CPU
		{92933BA1-609C-4DE0-B29E-FDA37C7DC0EF}.Debug|x86.ActiveCfg = Debug|Any CPU
		{92933BA1-609C-4DE0-B29E-FDA37C7DC0EF}.Debug|x86.Build.0 = Debug|Any CPU
		{92933BA1-609C-4DE0-B29E-FDA37C7DC0EF}.Release|x86.ActiveCfg = Release|Any CPU
		{92933BA1-609C-4DE0-B29E-FDA37C7DC0EF}.Release|x86.Build.0 = Release|Any CPU
		{BFD3C868-1F62-43FF-8771-CF21825F0C0A}.Debug|x86.ActiveCfg = Debug|x86
		{BFD3C868-1F62-43FF-8771-CF21825F0C0A}.Debug|x86.Build.0 = Debug|x86
		{BFD3C868-1F62-43FF-8771-CF21825F0C0A}.Release|x86.ActiveCfg = Release|x86
		{BFD3C868-1F62-43FF-8771-CF21825F0C0A}.Release|x86.Build.0 = Release|x86
		{D98143B1-85B3-4F7F-AFCB-39D2B5DC6C6D}.Debug|x86.ActiveCfg = Debug|Any CPU
		{D98143B1-85B3-4F7F-AFCB-39D2B5DC6C6D}.Debug|x86.Build.0 = Debug|Any CPU
		{D98143B1-85B3-4F7F-AFCB-39D2B5DC6C6D}.Release|x86.ActiveCfg = Release|Any CPU
		{D98143B1-85B3-4F7F-AFCB-39D2B5DC6C6D}.Release|x86.Build.0 = Release|Any CPU
		{E20F7347-033B-4378-A4F9-CCD70345B4A1}.Debug|x86.ActiveCfg = Debug|Any CPU
		{E20F7347-033B-4378-A4F9-CCD70345B4A1}.Debug|x86.Build.0 = Debug|Any CPU
		{E20F7347-033B-4378-A4F9-CCD70345B4A1}.Release|x86.ActiveCfg = Release|Any CPU
		{E20F7347-033B-4378-A4F9-CCD70345B4A1}.Release|x86.Build.0 = Release|Any CPU
	EndGlobalSection
	GlobalSection(NestedProjects) = preSolution
		{005357C9-7F8E-458E-AFFA-BF84F7D6A6AE} = {FCDD33E8-A197-45D4-9AB3-E76D341852A8}
		{245C763E-604B-45B1-8A77-BA568E073BEC} = {FCDD33E8-A197-45D4-9AB3-E76D341852A8}
		{92933BA1-609C-4DE0-B29E-FDA37C7DC0EF} = {245C763E-604B-45B1-8A77-BA568E073BEC}
		{06995CE8-149B-42FA-B345-FB11C4D6E180} = {245C763E-604B-45B1-8A77-BA568E073BEC}
		{D98143B1-85B3-4F7F-AFCB-39D2B5DC6C6D} = {245C763E-604B-45B1-8A77-BA568E073BEC}
		{8118C0B9-3B16-47AA-8B24-E5B15F429F78} = {245C763E-604B-45B1-8A77-BA568E073BEC}
		{318D2523-3C8B-4273-B1EA-DE339868403C} = {245C763E-604B-45B1-8A77-BA568E073BEC}
		{41BAB999-0A6A-48C6-8DA6-B55323BD6B6D} = {245C763E-604B-45B1-8A77-BA568E073BEC}
	EndGlobalSection
	GlobalSection(MonoDevelopProperties) = preSolution
		StartupItem = HomeGenie.csproj
		Policies = $0
		$0.DotNetNamingPolicy = $1
		$1.DirectoryNamespaceAssociation = None
		$1.ResourceNamePolicy = FileFormatDefault
		$0.TextStylePolicy = $2
		$2.inheritsSet = null
		$2.scope = text/x-csharp
		$0.CSharpFormattingPolicy = $3
		$3.AfterDelegateDeclarationParameterComma = True
		$3.inheritsSet = Mono
		$3.inheritsScope = text/x-csharp
		$3.scope = text/x-csharp
		$0.StandardHeader = $4
		$4.Text = @\n ${FileName}\n \n Author:\n      ${AuthorName} <${AuthorEmail}>\n \n Copyright (c) ${Year} ${CopyrightHolder}\n\nLICENSE INFORMATION\n\nThis project and all of its components are licensed under the terms and conditions\nof the "Creative Commons Attribution-NonCommercial 2.0 Generic License":\n\thttp://creativecommons.org/licenses/by-nc/2.0/\n\nDISCLAIMER\n\nTHIS SOFTWARE IS PROVIDED BY THE COPYRIGHT HOLDERS AND CONTRIBUTORS\n"AS IS" AND ANY EXPRESS OR IMPLIED WARRANTIES, INCLUDING, BUT NOT LIMITED\nTO, THE IMPLIED WARRANTIES OF MERCHANTABILITY AND FITNESS FOR A PARTICULAR\nPURPOSE ARE DISCLAIMED. IN NO EVENT SHALL THE COPYRIGHT OWNER OR CONTRIBUTORS\nBE LIABLE FOR ANY DIRECT, INDIRECT, INCIDENTAL, SPECIAL, EXEMPLARY, OR CONSEQUENTIAL\nDAMAGES (INCLUDING, BUT NOT LIMITED TO, PROCUREMENT OF SUBSTITUTE GOODS\nOR SERVICES; LOSS OF USE, DATA, OR PROFITS; OR BUSINESS INTERRUPTION)\nHOWEVER CAUSED AND ON ANY THEORY OF LIABILITY, WHETHER IN CONTRACT,\nSTRICT LIABILITY, OR TORT (INCLUDING NEGLIGENCE OR OTHERWISE) ARISING IN ANY\nWAY OUT OF THE USE OF THIS SOFTWARE, EVEN IF ADVISED OF THE POSSIBILITY OF SUCH DAMAGE.\n
		$4.IncludeInNewFiles = True
		$0.NameConventionPolicy = $5
		$5.Rules = $6
		$6.NamingRule = $7
		$7.Name = Namespaces
		$7.AffectedEntity = Namespace
		$7.VisibilityMask = VisibilityMask
		$7.NamingStyle = PascalCase
		$7.IncludeInstanceMembers = True
		$7.IncludeStaticEntities = True
		$6.NamingRule = $8
		$8.Name = Types
		$8.AffectedEntity = Class, Struct, Enum, Delegate
		$8.VisibilityMask = Public
		$8.NamingStyle = PascalCase
		$8.IncludeInstanceMembers = True
		$8.IncludeStaticEntities = True
		$6.NamingRule = $9
		$9.Name = Interfaces
		$9.RequiredPrefixes = $10
		$10.String = I
		$9.AffectedEntity = Interface
		$9.VisibilityMask = Public
		$9.NamingStyle = PascalCase
		$9.IncludeInstanceMembers = True
		$9.IncludeStaticEntities = True
		$6.NamingRule = $11
		$11.Name = Attributes
		$11.RequiredSuffixes = $12
		$12.String = Attribute
		$11.AffectedEntity = CustomAttributes
		$11.VisibilityMask = Public
		$11.NamingStyle = PascalCase
		$11.IncludeInstanceMembers = True
		$11.IncludeStaticEntities = True
		$6.NamingRule = $13
		$13.Name = Event Arguments
		$13.RequiredSuffixes = $14
		$14.String = EventArgs
		$13.AffectedEntity = CustomEventArgs
		$13.VisibilityMask = Public
		$13.NamingStyle = PascalCase
		$13.IncludeInstanceMembers = True
		$13.IncludeStaticEntities = True
		$6.NamingRule = $15
		$15.Name = Exceptions
		$15.RequiredSuffixes = $16
		$16.String = Exception
		$15.AffectedEntity = CustomExceptions
		$15.VisibilityMask = VisibilityMask
		$15.NamingStyle = PascalCase
		$15.IncludeInstanceMembers = True
		$15.IncludeStaticEntities = True
		$6.NamingRule = $17
		$17.Name = Methods
		$17.AffectedEntity = Methods
		$17.VisibilityMask = Protected, Public
		$17.NamingStyle = PascalCase
		$17.IncludeInstanceMembers = True
		$17.IncludeStaticEntities = True
		$6.NamingRule = $18
		$18.Name = Static Readonly Fields
		$18.AffectedEntity = ReadonlyField
		$18.VisibilityMask = Protected, Public
		$18.NamingStyle = PascalCase
		$18.IncludeInstanceMembers = False
		$18.IncludeStaticEntities = True
		$6.NamingRule = $19
		$19.Name = Fields
		$19.AffectedEntity = Field
		$19.VisibilityMask = Protected, Public
		$19.NamingStyle = PascalCase
		$19.IncludeInstanceMembers = True
		$19.IncludeStaticEntities = True
		$6.NamingRule = $20
		$20.Name = ReadOnly Fields
		$20.AffectedEntity = ReadonlyField
		$20.VisibilityMask = Protected, Public
		$20.NamingStyle = PascalCase
		$20.IncludeInstanceMembers = True
		$20.IncludeStaticEntities = False
		$6.NamingRule = $21
		$21.Name = Constant Fields
		$21.AffectedEntity = ConstantField
		$21.VisibilityMask = Protected, Public
		$21.NamingStyle = PascalCase
		$21.IncludeInstanceMembers = True
		$21.IncludeStaticEntities = True
		$6.NamingRule = $22
		$22.Name = Properties
		$22.AffectedEntity = Property
		$22.VisibilityMask = Protected, Public
		$22.NamingStyle = PascalCase
		$22.IncludeInstanceMembers = True
		$22.IncludeStaticEntities = True
		$6.NamingRule = $23
		$23.Name = Events
		$23.AffectedEntity = Event
		$23.VisibilityMask = Protected, Public
		$23.NamingStyle = PascalCase
		$23.IncludeInstanceMembers = True
		$23.IncludeStaticEntities = True
		$6.NamingRule = $24
		$24.Name = Enum Members
		$24.AffectedEntity = EnumMember
		$24.VisibilityMask = VisibilityMask
		$24.NamingStyle = PascalCase
		$24.IncludeInstanceMembers = True
		$24.IncludeStaticEntities = True
		$6.NamingRule = $25
		$25.Name = Parameters
		$25.AffectedEntity = Parameter
		$25.VisibilityMask = VisibilityMask
		$25.NamingStyle = CamelCase
		$25.IncludeInstanceMembers = True
		$25.IncludeStaticEntities = True
		$6.NamingRule = $26
		$26.Name = Type Parameters
		$26.RequiredPrefixes = $27
		$27.String = T
		$26.AffectedEntity = TypeParameter
		$26.VisibilityMask = VisibilityMask
		$26.NamingStyle = PascalCase
		$26.IncludeInstanceMembers = True
		$26.IncludeStaticEntities = True
		description = Home Automation and IOT server
		version = 0.9 beta
	EndGlobalSection
EndGlobal
