
Microsoft Visual Studio Solution File, Format Version 11.00
# Visual Studio 2010
Project("{FAE04EC0-301F-11D3-BF4B-00C04F79EFBC}") = "HomeGenie", "HomeGenie.csproj", "{BFD3C868-1F62-43FF-8771-CF21825F0C0A}"
EndProject
Project("{2150E333-8FDC-42A3-9474-1A3956D46DE8}") = "MIG-files", "MIG-files", "{FCDD33E8-A197-45D4-9AB3-E76D341852A8}"
EndProject
Project("{FAE04EC0-301F-11D3-BF4B-00C04F79EFBC}") = "MIG", "..\MIG\MIG\MIG.csproj", "{005357C9-7F8E-458E-AFFA-BF84F7D6A6AE}"
EndProject
Project("{2150E333-8FDC-42A3-9474-1A3956D46DE8}") = "Support Libraries", "Support Libraries", "{245C763E-604B-45B1-8A77-BA568E073BEC}"
EndProject
Project("{FAE04EC0-301F-11D3-BF4B-00C04F79EFBC}") = "XTenLib", "..\MIG\Support Libraries\XTenLib\XTenLib.csproj", "{92933BA1-609C-4DE0-B29E-FDA37C7DC0EF}"
EndProject
Project("{FAE04EC0-301F-11D3-BF4B-00C04F79EFBC}") = "ZWaveLib", "..\MIG\Support Libraries\ZWaveLib\ZWaveLib.csproj", "{06995CE8-149B-42FA-B345-FB11C4D6E180}"
EndProject
Project("{FAE04EC0-301F-11D3-BF4B-00C04F79EFBC}") = "W800RF32", "..\MIG\Support Libraries\W800RF32\W800RF32.csproj", "{D98143B1-85B3-4F7F-AFCB-39D2B5DC6C6D}"
EndProject
Project("{FAE04EC0-301F-11D3-BF4B-00C04F79EFBC}") = "SerialPortLib", "..\MIG\Support Libraries\SerialPortLib\SerialPortLib.csproj", "{8118C0B9-3B16-47AA-8B24-E5B15F429F78}"
EndProject
Project("{FAE04EC0-301F-11D3-BF4B-00C04F79EFBC}") = "TcpClientLib", "..\MIG\Support Libraries\TcpClientLib\TcpClientLib.csproj", "{318D2523-3C8B-4273-B1EA-DE339868403C}"
EndProject
Project("{FAE04EC0-301F-11D3-BF4B-00C04F79EFBC}") = "TUIOLib", "..\MIG\Support Libraries\TUIOLib\TUIOLib.csproj", "{41BAB999-0A6A-48C6-8DA6-B55323BD6B6D}"
EndProject
Project("{FAE04EC0-301F-11D3-BF4B-00C04F79EFBC}") = "HomeGenieUI_Mono", "HomeGenieUI\HomeGenieUI_Mono.csproj", "{E20F7347-033B-4378-A4F9-CCD70345B4A1}"
EndProject
Global
	GlobalSection(SolutionConfigurationPlatforms) = preSolution
		Debug|x86 = Debug|x86
		Release|x86 = Release|x86
	EndGlobalSection
	GlobalSection(ProjectConfigurationPlatforms) = postSolution
		{005357C9-7F8E-458E-AFFA-BF84F7D6A6AE}.Debug|x86.ActiveCfg = Debug|Any CPU
		{005357C9-7F8E-458E-AFFA-BF84F7D6A6AE}.Debug|x86.Build.0 = Debug|Any CPU
		{005357C9-7F8E-458E-AFFA-BF84F7D6A6AE}.Release|x86.ActiveCfg = Release|Any CPU
		{005357C9-7F8E-458E-AFFA-BF84F7D6A6AE}.Release|x86.Build.0 = Release|Any CPU
		{06995CE8-149B-42FA-B345-FB11C4D6E180}.Debug|x86.ActiveCfg = Debug|Any CPU
		{06995CE8-149B-42FA-B345-FB11C4D6E180}.Debug|x86.Build.0 = Debug|Any CPU
		{06995CE8-149B-42FA-B345-FB11C4D6E180}.Release|x86.ActiveCfg = Release|Any CPU
		{06995CE8-149B-42FA-B345-FB11C4D6E180}.Release|x86.Build.0 = Release|Any CPU
		{318D2523-3C8B-4273-B1EA-DE339868403C}.Debug|x86.ActiveCfg = Debug|Any CPU
		{318D2523-3C8B-4273-B1EA-DE339868403C}.Debug|x86.Build.0 = Debug|Any CPU
		{318D2523-3C8B-4273-B1EA-DE339868403C}.Release|x86.ActiveCfg = Release|Any CPU
		{318D2523-3C8B-4273-B1EA-DE339868403C}.Release|x86.Build.0 = Release|Any CPU
		{41BAB999-0A6A-48C6-8DA6-B55323BD6B6D}.Debug|x86.ActiveCfg = Debug|Any CPU
		{41BAB999-0A6A-48C6-8DA6-B55323BD6B6D}.Debug|x86.Build.0 = Debug|Any CPU
		{41BAB999-0A6A-48C6-8DA6-B55323BD6B6D}.Release|x86.ActiveCfg = Release|Any CPU
		{41BAB999-0A6A-48C6-8DA6-B55323BD6B6D}.Release|x86.Build.0 = Release|Any CPU
		{8118C0B9-3B16-47AA-8B24-E5B15F429F78}.Debug|x86.ActiveCfg = Debug|Any CPU
		{8118C0B9-3B16-47AA-8B24-E5B15F429F78}.Debug|x86.Build.0 = Debug|Any CPU
		{8118C0B9-3B16-47AA-8B24-E5B15F429F78}.Release|x86.ActiveCfg = Release|Any CPU
		{8118C0B9-3B16-47AA-8B24-E5B15F429F78}.Release|x86.Build.0 = Release|Any CPU
		{92933BA1-609C-4DE0-B29E-FDA37C7DC0EF}.Debug|x86.ActiveCfg = Debug|Any CPU
		{92933BA1-609C-4DE0-B29E-FDA37C7DC0EF}.Debug|x86.Build.0 = Debug|Any CPU
		{92933BA1-609C-4DE0-B29E-FDA37C7DC0EF}.Release|x86.ActiveCfg = Release|Any CPU
		{92933BA1-609C-4DE0-B29E-FDA37C7DC0EF}.Release|x86.Build.0 = Release|Any CPU
		{BFD3C868-1F62-43FF-8771-CF21825F0C0A}.Debug|x86.ActiveCfg = Debug|x86
		{BFD3C868-1F62-43FF-8771-CF21825F0C0A}.Debug|x86.Build.0 = Debug|x86
		{BFD3C868-1F62-43FF-8771-CF21825F0C0A}.Release|x86.ActiveCfg = Release|x86
		{BFD3C868-1F62-43FF-8771-CF21825F0C0A}.Release|x86.Build.0 = Release|x86
		{D98143B1-85B3-4F7F-AFCB-39D2B5DC6C6D}.Debug|x86.ActiveCfg = Debug|Any CPU
		{D98143B1-85B3-4F7F-AFCB-39D2B5DC6C6D}.Debug|x86.Build.0 = Debug|Any CPU
		{D98143B1-85B3-4F7F-AFCB-39D2B5DC6C6D}.Release|x86.ActiveCfg = Release|Any CPU
		{D98143B1-85B3-4F7F-AFCB-39D2B5DC6C6D}.Release|x86.Build.0 = Release|Any CPU
		{E20F7347-033B-4378-A4F9-CCD70345B4A1}.Debug|x86.ActiveCfg = Debug|Any CPU
		{E20F7347-033B-4378-A4F9-CCD70345B4A1}.Debug|x86.Build.0 = Debug|Any CPU
		{E20F7347-033B-4378-A4F9-CCD70345B4A1}.Release|x86.ActiveCfg = Release|Any CPU
		{E20F7347-033B-4378-A4F9-CCD70345B4A1}.Release|x86.Build.0 = Release|Any CPU
	EndGlobalSection
	GlobalSection(NestedProjects) = preSolution
		{005357C9-7F8E-458E-AFFA-BF84F7D6A6AE} = {FCDD33E8-A197-45D4-9AB3-E76D341852A8}
		{245C763E-604B-45B1-8A77-BA568E073BEC} = {FCDD33E8-A197-45D4-9AB3-E76D341852A8}
		{92933BA1-609C-4DE0-B29E-FDA37C7DC0EF} = {245C763E-604B-45B1-8A77-BA568E073BEC}
		{06995CE8-149B-42FA-B345-FB11C4D6E180} = {245C763E-604B-45B1-8A77-BA568E073BEC}
		{D98143B1-85B3-4F7F-AFCB-39D2B5DC6C6D} = {245C763E-604B-45B1-8A77-BA568E073BEC}
		{8118C0B9-3B16-47AA-8B24-E5B15F429F78} = {245C763E-604B-45B1-8A77-BA568E073BEC}
		{318D2523-3C8B-4273-B1EA-DE339868403C} = {245C763E-604B-45B1-8A77-BA568E073BEC}
		{41BAB999-0A6A-48C6-8DA6-B55323BD6B6D} = {245C763E-604B-45B1-8A77-BA568E073BEC}
	EndGlobalSection
	GlobalSection(MonoDevelopProperties) = preSolution
		StartupItem = HomeGenie.csproj
		Policies = $0
		$0.DotNetNamingPolicy = $1
		$1.DirectoryNamespaceAssociation = None
		$1.ResourceNamePolicy = FileFormatDefault
		$0.TextStylePolicy = $2
		$2.FileWidth = 120
		$2.EolMarker = Unix
		$2.inheritsSet = VisualStudio
		$2.inheritsScope = text/plain
		$2.scope = text/x-csharp
		$0.CSharpFormattingPolicy = $3
		$3.IndentSwitchBody = True
		$3.AnonymousMethodBraceStyle = NextLine
		$3.PropertyBraceStyle = NextLine
		$3.PropertyGetBraceStyle = NextLine
		$3.PropertySetBraceStyle = NextLine
		$3.EventBraceStyle = NextLine
		$3.EventAddBraceStyle = NextLine
		$3.EventRemoveBraceStyle = NextLine
		$3.StatementBraceStyle = NextLine
		$3.BeforeMethodDeclarationParentheses = False
		$3.BeforeMethodCallParentheses = False
		$3.BeforeConstructorDeclarationParentheses = False
		$3.BeforeDelegateDeclarationParentheses = False
		$3.AfterDelegateDeclarationParameterComma = True
		$3.NewParentheses = False
		$3.SpacesBeforeBrackets = False
		$3.AlignToFirstMethodDeclarationParameter = False
		$3.AlignToFirstIndexerDeclarationParameter = False
		$3.inheritsSet = Mono
		$3.inheritsScope = text/x-csharp
		$3.scope = text/x-csharp
		$0.StandardHeader = $4
		$4.Text = @This file is part of HomeGenie Project source code.\n\nHomeGenie is free software: you can redistribute it and/or modify\nit under the terms of the GNU General Public License as published by\nthe Free Software Foundation, either version 3 of the License, or\n(at your option) any later version.\n\nHomeGenie is distributed in the hope that it will be useful,\nbut WITHOUT ANY WARRANTY; without even the implied warranty of\nMERCHANTABILITY or FITNESS FOR A PARTICULAR PURPOSE.  See the\nGNU General Public License for more details.\n\nYou should have received a copy of the GNU General Public License\nalong with HomeGenie.  If not, see <http://www.gnu.org/licenses/>.  \n\n ${FileName}\n \n Copyright (c) ${Year} ${CopyrightHolder}\n\n Author: ${AuthorName} <${AuthorEmail}>\n Project Homepage: http://homegenie.it\n
		$4.IncludeInNewFiles = True
		$0.NameConventionPolicy = $5
		$5.Rules = $6
		$6.NamingRule = $7
		$7.Name = Namespaces
		$7.AffectedEntity = Namespace
		$7.VisibilityMask = VisibilityMask
		$7.NamingStyle = PascalCase
		$7.IncludeInstanceMembers = True
		$7.IncludeStaticEntities = True
		$6.NamingRule = $8
		$8.Name = Types
		$8.AffectedEntity = Class, Struct, Enum, Delegate
		$8.VisibilityMask = VisibilityMask
		$8.NamingStyle = PascalCase
		$8.IncludeInstanceMembers = True
		$8.IncludeStaticEntities = True
		$6.NamingRule = $9
		$9.Name = Interfaces
		$9.RequiredPrefixes = $10
		$10.String = I
		$9.AffectedEntity = Interface
		$9.VisibilityMask = VisibilityMask
		$9.NamingStyle = PascalCase
		$9.IncludeInstanceMembers = True
		$9.IncludeStaticEntities = True
		$6.NamingRule = $11
		$11.Name = Attributes
		$11.RequiredSuffixes = $12
		$12.String = Attribute
		$11.AffectedEntity = CustomAttributes
		$11.VisibilityMask = VisibilityMask
		$11.NamingStyle = PascalCase
		$11.IncludeInstanceMembers = True
		$11.IncludeStaticEntities = True
		$6.NamingRule = $13
		$13.Name = Event Arguments
		$13.RequiredSuffixes = $14
		$14.String = EventArgs
		$13.AffectedEntity = CustomEventArgs
		$13.VisibilityMask = VisibilityMask
		$13.NamingStyle = PascalCase
		$13.IncludeInstanceMembers = True
		$13.IncludeStaticEntities = True
		$6.NamingRule = $15
		$15.Name = Exceptions
		$15.RequiredSuffixes = $16
		$16.String = Exception
		$15.AffectedEntity = CustomExceptions
		$15.VisibilityMask = VisibilityMask
		$15.NamingStyle = PascalCase
		$15.IncludeInstanceMembers = True
		$15.IncludeStaticEntities = True
		$6.NamingRule = $17
		$17.Name = Methods
		$17.AffectedEntity = Methods
		$17.VisibilityMask = VisibilityMask
		$17.NamingStyle = PascalCase
		$17.IncludeInstanceMembers = True
		$17.IncludeStaticEntities = True
		$6.NamingRule = $18
		$18.Name = Static Readonly Fields
		$18.AffectedEntity = ReadonlyField
		$18.VisibilityMask = Internal, Protected, Public
		$18.NamingStyle = PascalCase
		$18.IncludeInstanceMembers = False
		$18.IncludeStaticEntities = True
		$6.NamingRule = $19
		$19.Name = Fields (Non Private)
		$19.AffectedEntity = Field
		$19.VisibilityMask = Internal, Protected, Public
		$19.NamingStyle = PascalCase
		$19.IncludeInstanceMembers = True
		$19.IncludeStaticEntities = True
		$6.NamingRule = $20
		$20.Name = ReadOnly Fields (Non Private)
		$20.AffectedEntity = ReadonlyField
		$20.VisibilityMask = Internal, Protected, Public
		$20.NamingStyle = PascalCase
		$20.IncludeInstanceMembers = True
		$20.IncludeStaticEntities = False
		$6.NamingRule = $21
		$21.Name = Fields (Private)
		$21.AllowedPrefixes = $22
		$22.String = _
		$22.String = m_
		$21.AffectedEntity = Field, ReadonlyField
		$21.VisibilityMask = Private
		$21.NamingStyle = CamelCase
		$21.IncludeInstanceMembers = True
		$21.IncludeStaticEntities = False
		$6.NamingRule = $23
		$23.Name = Static Fields (Private)
		$23.AffectedEntity = Field
		$23.VisibilityMask = Private
		$23.NamingStyle = CamelCase
		$23.IncludeInstanceMembers = False
		$23.IncludeStaticEntities = True
		$6.NamingRule = $24
		$24.Name = ReadOnly Fields (Private)
		$24.AllowedPrefixes = $25
		$25.String = _
		$25.String = m_
		$24.AffectedEntity = ReadonlyField
		$24.VisibilityMask = Private
		$24.NamingStyle = CamelCase
		$24.IncludeInstanceMembers = True
		$24.IncludeStaticEntities = False
		$6.NamingRule = $26
		$26.Name = Constant Fields
		$26.AffectedEntity = ConstantField
		$26.VisibilityMask = VisibilityMask
		$26.NamingStyle = PascalCase
		$26.IncludeInstanceMembers = True
		$26.IncludeStaticEntities = True
		$6.NamingRule = $27
		$27.Name = Properties
		$27.AffectedEntity = Property
		$27.VisibilityMask = VisibilityMask
		$27.NamingStyle = PascalCase
		$27.IncludeInstanceMembers = True
		$27.IncludeStaticEntities = True
		$6.NamingRule = $28
		$28.Name = Events
		$28.AffectedEntity = Event
		$28.VisibilityMask = VisibilityMask
		$28.NamingStyle = PascalCase
		$28.IncludeInstanceMembers = True
		$28.IncludeStaticEntities = True
		$6.NamingRule = $29
		$29.Name = Enum Members
		$29.AffectedEntity = EnumMember
		$29.VisibilityMask = VisibilityMask
		$29.NamingStyle = PascalCase
		$29.IncludeInstanceMembers = True
		$29.IncludeStaticEntities = True
		$6.NamingRule = $30
		$30.Name = Parameters
		$30.AffectedEntity = Parameter
		$30.VisibilityMask = VisibilityMask
		$30.NamingStyle = CamelCase
		$30.IncludeInstanceMembers = True
		$30.IncludeStaticEntities = True
		$6.NamingRule = $31
		$31.Name = Type Parameters
		$31.RequiredPrefixes = $32
		$32.String = T
		$31.AffectedEntity = TypeParameter
		$31.VisibilityMask = VisibilityMask
		$31.NamingStyle = PascalCase
		$31.IncludeInstanceMembers = True
		$31.IncludeStaticEntities = True
		$0.TextStylePolicy = $33
		$33.FileWidth = 120
		$33.TabsToSpaces = False
		$33.inheritsSet = VisualStudio
		$33.inheritsScope = text/plain
		$33.scope = text/plain
		$0.TextStylePolicy = $34
		$34.inheritsSet = null
		$34.scope = application/json
		$0.VersionControlPolicy = $35
		$35.inheritsSet = Mono
		$0.ChangeLogPolicy = $36
		$36.UpdateMode = ProjectRoot
		$36.MessageStyle = $37
		$37.LineAlign = 0
		$36.inheritsSet = Mono
		description = @Home Automation server in the Internet Of Things era\t
		version = 1.0 beta
	EndGlobalSection
EndGlobal
