
Microsoft Visual Studio Solution File, Format Version 11.00
# Visual Studio 2010
Project("{FAE04EC0-301F-11D3-BF4B-00C04F79EFBC}") = "HomeGenie_Mac", "HomeGenie_Mac\HomeGenie_Mac.csproj", "{6233118D-CB72-47D9-9F48-A2D21414C1D2}"
EndProject
Project("{FAE04EC0-301F-11D3-BF4B-00C04F79EFBC}") = "HomeGenie", "..\HomeGenie\HomeGenie.csproj", "{BFD3C868-1F62-43FF-8771-CF21825F0C0A}"
EndProject
Project("{2150E333-8FDC-42A3-9474-1A3956D46DE8}") = "MigFiles", "MigFiles", "{9C653CCE-6610-4BAA-8E2F-4F7FB841C1C6}"
EndProject
Project("{2150E333-8FDC-42A3-9474-1A3956D46DE8}") = "SupportLibraries", "SupportLibraries", "{335D9A9D-0137-4F95-AE9D-54B431E08E91}"
EndProject
Project("{FAE04EC0-301F-11D3-BF4B-00C04F79EFBC}") = "NetClientLib", "..\MigFiles\SupportLibraries\NetClientLib\NetClientLib.csproj", "{318D2523-3C8B-4273-B1EA-DE339868403C}"
EndProject
Project("{FAE04EC0-301F-11D3-BF4B-00C04F79EFBC}") = "MIG", "..\MigFiles\MIG\MIG.csproj", "{005357C9-7F8E-458E-AFFA-BF84F7D6A6AE}"
EndProject
Project("{2150E333-8FDC-42A3-9474-1A3956D46DE8}") = "BaseFiles", "BaseFiles", "{8D225357-C99F-47B7-8E4D-49B48DC9D757}"
EndProject
Project("{FAE04EC0-301F-11D3-BF4B-00C04F79EFBC}") = "Common", "..\BaseFiles\Common\Common.csproj", "{0A27EF44-EC80-4FDB-8764-B153C169905D}"
EndProject
Project("{FAE04EC0-301F-11D3-BF4B-00C04F79EFBC}") = "Mac", "..\BaseFiles\Mac\Mac.csproj", "{51F4FCF7-347A-4564-AB22-B6BFAF772B93}"
EndProject
Global
	GlobalSection(SolutionConfigurationPlatforms) = preSolution
		AppStore|Any CPU = AppStore|Any CPU
		AppStore|x86 = AppStore|x86
		Debug|Any CPU = Debug|Any CPU
		Debug|x86 = Debug|x86
		Release|Any CPU = Release|Any CPU
		Release|x86 = Release|x86
	EndGlobalSection
	GlobalSection(ProjectConfigurationPlatforms) = postSolution
		{005357C9-7F8E-458E-AFFA-BF84F7D6A6AE}.AppStore|Any CPU.ActiveCfg = Release|Any CPU
		{005357C9-7F8E-458E-AFFA-BF84F7D6A6AE}.AppStore|Any CPU.Build.0 = Release|Any CPU
		{005357C9-7F8E-458E-AFFA-BF84F7D6A6AE}.AppStore|x86.ActiveCfg = Debug|Any CPU
		{005357C9-7F8E-458E-AFFA-BF84F7D6A6AE}.AppStore|x86.Build.0 = Debug|Any CPU
		{005357C9-7F8E-458E-AFFA-BF84F7D6A6AE}.Debug|Any CPU.ActiveCfg = Debug|Any CPU
		{005357C9-7F8E-458E-AFFA-BF84F7D6A6AE}.Debug|Any CPU.Build.0 = Debug|Any CPU
		{005357C9-7F8E-458E-AFFA-BF84F7D6A6AE}.Debug|x86.ActiveCfg = Debug|Any CPU
		{005357C9-7F8E-458E-AFFA-BF84F7D6A6AE}.Debug|x86.Build.0 = Debug|Any CPU
		{005357C9-7F8E-458E-AFFA-BF84F7D6A6AE}.Release|Any CPU.ActiveCfg = Release|Any CPU
		{005357C9-7F8E-458E-AFFA-BF84F7D6A6AE}.Release|Any CPU.Build.0 = Release|Any CPU
		{005357C9-7F8E-458E-AFFA-BF84F7D6A6AE}.Release|x86.ActiveCfg = Release|Any CPU
		{005357C9-7F8E-458E-AFFA-BF84F7D6A6AE}.Release|x86.Build.0 = Release|Any CPU
		{0A27EF44-EC80-4FDB-8764-B153C169905D}.AppStore|Any CPU.ActiveCfg = Debug|Any CPU
		{0A27EF44-EC80-4FDB-8764-B153C169905D}.AppStore|Any CPU.Build.0 = Debug|Any CPU
		{0A27EF44-EC80-4FDB-8764-B153C169905D}.AppStore|x86.ActiveCfg = Debug|Any CPU
		{0A27EF44-EC80-4FDB-8764-B153C169905D}.AppStore|x86.Build.0 = Debug|Any CPU
		{0A27EF44-EC80-4FDB-8764-B153C169905D}.Debug|Any CPU.ActiveCfg = Debug|Any CPU
		{0A27EF44-EC80-4FDB-8764-B153C169905D}.Debug|Any CPU.Build.0 = Debug|Any CPU
		{0A27EF44-EC80-4FDB-8764-B153C169905D}.Debug|x86.ActiveCfg = Debug|Any CPU
		{0A27EF44-EC80-4FDB-8764-B153C169905D}.Debug|x86.Build.0 = Debug|Any CPU
		{0A27EF44-EC80-4FDB-8764-B153C169905D}.Release|Any CPU.ActiveCfg = Release|Any CPU
		{0A27EF44-EC80-4FDB-8764-B153C169905D}.Release|Any CPU.Build.0 = Release|Any CPU
		{0A27EF44-EC80-4FDB-8764-B153C169905D}.Release|x86.ActiveCfg = Release|Any CPU
		{0A27EF44-EC80-4FDB-8764-B153C169905D}.Release|x86.Build.0 = Release|Any CPU
		{318D2523-3C8B-4273-B1EA-DE339868403C}.AppStore|Any CPU.ActiveCfg = Debug|Any CPU
		{318D2523-3C8B-4273-B1EA-DE339868403C}.AppStore|Any CPU.Build.0 = Debug|Any CPU
		{318D2523-3C8B-4273-B1EA-DE339868403C}.AppStore|x86.ActiveCfg = Debug|Any CPU
		{318D2523-3C8B-4273-B1EA-DE339868403C}.AppStore|x86.Build.0 = Debug|Any CPU
		{318D2523-3C8B-4273-B1EA-DE339868403C}.Debug|Any CPU.ActiveCfg = Debug|Any CPU
		{318D2523-3C8B-4273-B1EA-DE339868403C}.Debug|Any CPU.Build.0 = Debug|Any CPU
		{318D2523-3C8B-4273-B1EA-DE339868403C}.Debug|x86.ActiveCfg = Debug|Any CPU
		{318D2523-3C8B-4273-B1EA-DE339868403C}.Debug|x86.Build.0 = Debug|Any CPU
		{318D2523-3C8B-4273-B1EA-DE339868403C}.Release|Any CPU.ActiveCfg = Release|Any CPU
		{318D2523-3C8B-4273-B1EA-DE339868403C}.Release|Any CPU.Build.0 = Release|Any CPU
		{318D2523-3C8B-4273-B1EA-DE339868403C}.Release|x86.ActiveCfg = Release|Any CPU
		{318D2523-3C8B-4273-B1EA-DE339868403C}.Release|x86.Build.0 = Release|Any CPU
		{51F4FCF7-347A-4564-AB22-B6BFAF772B93}.AppStore|Any CPU.ActiveCfg = Release|Any CPU
		{51F4FCF7-347A-4564-AB22-B6BFAF772B93}.AppStore|Any CPU.Build.0 = Release|Any CPU
		{51F4FCF7-347A-4564-AB22-B6BFAF772B93}.AppStore|x86.ActiveCfg = Release|Any CPU
		{51F4FCF7-347A-4564-AB22-B6BFAF772B93}.AppStore|x86.Build.0 = Release|Any CPU
		{51F4FCF7-347A-4564-AB22-B6BFAF772B93}.Debug|Any CPU.ActiveCfg = Debug|Any CPU
		{51F4FCF7-347A-4564-AB22-B6BFAF772B93}.Debug|Any CPU.Build.0 = Debug|Any CPU
		{51F4FCF7-347A-4564-AB22-B6BFAF772B93}.Debug|x86.ActiveCfg = Debug|Any CPU
		{51F4FCF7-347A-4564-AB22-B6BFAF772B93}.Debug|x86.Build.0 = Debug|Any CPU
		{51F4FCF7-347A-4564-AB22-B6BFAF772B93}.Release|Any CPU.ActiveCfg = Release|Any CPU
		{51F4FCF7-347A-4564-AB22-B6BFAF772B93}.Release|Any CPU.Build.0 = Release|Any CPU
		{51F4FCF7-347A-4564-AB22-B6BFAF772B93}.Release|x86.ActiveCfg = Release|Any CPU
		{51F4FCF7-347A-4564-AB22-B6BFAF772B93}.Release|x86.Build.0 = Release|Any CPU
		{6233118D-CB72-47D9-9F48-A2D21414C1D2}.AppStore|Any CPU.ActiveCfg = AppStore|x86
		{6233118D-CB72-47D9-9F48-A2D21414C1D2}.AppStore|x86.ActiveCfg = AppStore|x86
		{6233118D-CB72-47D9-9F48-A2D21414C1D2}.AppStore|x86.Build.0 = AppStore|x86
		{6233118D-CB72-47D9-9F48-A2D21414C1D2}.Debug|Any CPU.ActiveCfg = Debug|x86
		{6233118D-CB72-47D9-9F48-A2D21414C1D2}.Debug|x86.ActiveCfg = Debug|x86
		{6233118D-CB72-47D9-9F48-A2D21414C1D2}.Debug|x86.Build.0 = Debug|x86
		{6233118D-CB72-47D9-9F48-A2D21414C1D2}.Release|Any CPU.ActiveCfg = Release|x86
		{6233118D-CB72-47D9-9F48-A2D21414C1D2}.Release|x86.ActiveCfg = Release|x86
		{6233118D-CB72-47D9-9F48-A2D21414C1D2}.Release|x86.Build.0 = Release|x86
		{BFD3C868-1F62-43FF-8771-CF21825F0C0A}.AppStore|Any CPU.ActiveCfg = Release|Any CPU
		{BFD3C868-1F62-43FF-8771-CF21825F0C0A}.AppStore|Any CPU.Build.0 = Release|Any CPU
		{BFD3C868-1F62-43FF-8771-CF21825F0C0A}.AppStore|x86.ActiveCfg = Debug|x86
		{BFD3C868-1F62-43FF-8771-CF21825F0C0A}.AppStore|x86.Build.0 = Debug|x86
		{BFD3C868-1F62-43FF-8771-CF21825F0C0A}.Debug|Any CPU.ActiveCfg = Debug|Any CPU
		{BFD3C868-1F62-43FF-8771-CF21825F0C0A}.Debug|Any CPU.Build.0 = Debug|Any CPU
		{BFD3C868-1F62-43FF-8771-CF21825F0C0A}.Debug|x86.ActiveCfg = Debug|x86
		{BFD3C868-1F62-43FF-8771-CF21825F0C0A}.Debug|x86.Build.0 = Debug|x86
		{BFD3C868-1F62-43FF-8771-CF21825F0C0A}.Release|Any CPU.ActiveCfg = Release|Any CPU
		{BFD3C868-1F62-43FF-8771-CF21825F0C0A}.Release|Any CPU.Build.0 = Release|Any CPU
		{BFD3C868-1F62-43FF-8771-CF21825F0C0A}.Release|x86.ActiveCfg = Release|x86
		{BFD3C868-1F62-43FF-8771-CF21825F0C0A}.Release|x86.Build.0 = Release|x86
	EndGlobalSection
	GlobalSection(NestedProjects) = preSolution
		{335D9A9D-0137-4F95-AE9D-54B431E08E91} = {9C653CCE-6610-4BAA-8E2F-4F7FB841C1C6}
		{005357C9-7F8E-458E-AFFA-BF84F7D6A6AE} = {9C653CCE-6610-4BAA-8E2F-4F7FB841C1C6}
		{318D2523-3C8B-4273-B1EA-DE339868403C} = {335D9A9D-0137-4F95-AE9D-54B431E08E91}
		{0A27EF44-EC80-4FDB-8764-B153C169905D} = {8D225357-C99F-47B7-8E4D-49B48DC9D757}
		{51F4FCF7-347A-4564-AB22-B6BFAF772B93} = {8D225357-C99F-47B7-8E4D-49B48DC9D757}
	EndGlobalSection
	GlobalSection(SolutionProperties) = preSolution
		HideSolutionNode = FALSE
	EndGlobalSection
EndGlobal
