
Microsoft Visual Studio Solution File, Format Version 12.00
# Visual Studio 2013
VisualStudioVersion = 12.0.21005.1
MinimumVisualStudioVersion = 10.0.40219.1
Project("{FAE04EC0-301F-11D3-BF4B-00C04F79EFBC}") = "HomeGenie", "..\HomeGenie\HomeGenie.csproj", "{BFD3C868-1F62-43FF-8771-CF21825F0C0A}"
EndProject
Project("{FAE04EC0-301F-11D3-BF4B-00C04F79EFBC}") = "HomeGenieService", "HomeGenieService\HomeGenieService.csproj", "{47FC82A5-ED28-47A4-8540-114840E91E00}"
EndProject
Project("{FAE04EC0-301F-11D3-BF4B-00C04F79EFBC}") = "HomeGenieManager", "HomeGenieManager\HomeGenieManager.csproj", "{58A840FA-86A3-4F42-AE79-576FDFF261A0}"
EndProject
Project("{2150E333-8FDC-42A3-9474-1A3956D46DE8}") = "SupportLibraries", "SupportLibraries", "{63A13BEF-B17E-43DE-A96C-D6A1433402DA}"
EndProject
Project("{FAE04EC0-301F-11D3-BF4B-00C04F79EFBC}") = "NetClientLib", "..\SupportLibraries\NetClientLib\NetClientLib.csproj", "{318D2523-3C8B-4273-B1EA-DE339868403C}"
EndProject
Project("{2150E333-8FDC-42A3-9474-1A3956D46DE8}") = "BaseFiles", "BaseFiles", "{35B0CB76-2656-4737-892A-C6F43D67E28E}"
EndProject
Project("{FAE04EC0-301F-11D3-BF4B-00C04F79EFBC}") = "Common", "..\BaseFiles\Common\Common.csproj", "{0A27EF44-EC80-4FDB-8764-B153C169905D}"
EndProject
Project("{FAE04EC0-301F-11D3-BF4B-00C04F79EFBC}") = "Windows", "..\BaseFiles\Windows\Windows.csproj", "{19140486-C96F-443B-9BCB-ED66C9D6354C}"
EndProject
Global
	GlobalSection(SolutionConfigurationPlatforms) = preSolution
		Debug|Any CPU = Debug|Any CPU
		Release|Any CPU = Release|Any CPU
	EndGlobalSection
	GlobalSection(ProjectConfigurationPlatforms) = postSolution
		{BFD3C868-1F62-43FF-8771-CF21825F0C0A}.Debug|Any CPU.ActiveCfg = Debug|Any CPU
		{BFD3C868-1F62-43FF-8771-CF21825F0C0A}.Debug|Any CPU.Build.0 = Debug|Any CPU
		{BFD3C868-1F62-43FF-8771-CF21825F0C0A}.Release|Any CPU.ActiveCfg = Release|Any CPU
		{BFD3C868-1F62-43FF-8771-CF21825F0C0A}.Release|Any CPU.Build.0 = Release|Any CPU
		{47FC82A5-ED28-47A4-8540-114840E91E00}.Debug|Any CPU.ActiveCfg = Debug|Any CPU
		{47FC82A5-ED28-47A4-8540-114840E91E00}.Debug|Any CPU.Build.0 = Debug|Any CPU
		{47FC82A5-ED28-47A4-8540-114840E91E00}.Release|Any CPU.ActiveCfg = Release|Any CPU
		{47FC82A5-ED28-47A4-8540-114840E91E00}.Release|Any CPU.Build.0 = Release|Any CPU
		{58A840FA-86A3-4F42-AE79-576FDFF261A0}.Debug|Any CPU.ActiveCfg = Debug|Any CPU
		{58A840FA-86A3-4F42-AE79-576FDFF261A0}.Debug|Any CPU.Build.0 = Debug|Any CPU
		{58A840FA-86A3-4F42-AE79-576FDFF261A0}.Release|Any CPU.ActiveCfg = Release|Any CPU
		{58A840FA-86A3-4F42-AE79-576FDFF261A0}.Release|Any CPU.Build.0 = Release|Any CPU
		{318D2523-3C8B-4273-B1EA-DE339868403C}.Debug|Any CPU.ActiveCfg = Debug|Any CPU
		{318D2523-3C8B-4273-B1EA-DE339868403C}.Debug|Any CPU.Build.0 = Debug|Any CPU
		{318D2523-3C8B-4273-B1EA-DE339868403C}.Release|Any CPU.ActiveCfg = Release|Any CPU
		{318D2523-3C8B-4273-B1EA-DE339868403C}.Release|Any CPU.Build.0 = Release|Any CPU
		{0A27EF44-EC80-4FDB-8764-B153C169905D}.Debug|Any CPU.ActiveCfg = Debug|Any CPU
		{0A27EF44-EC80-4FDB-8764-B153C169905D}.Debug|Any CPU.Build.0 = Debug|Any CPU
		{0A27EF44-EC80-4FDB-8764-B153C169905D}.Release|Any CPU.ActiveCfg = Release|Any CPU
		{0A27EF44-EC80-4FDB-8764-B153C169905D}.Release|Any CPU.Build.0 = Release|Any CPU
		{19140486-C96F-443B-9BCB-ED66C9D6354C}.Debug|Any CPU.ActiveCfg = Debug|Any CPU
		{19140486-C96F-443B-9BCB-ED66C9D6354C}.Debug|Any CPU.Build.0 = Debug|Any CPU
		{19140486-C96F-443B-9BCB-ED66C9D6354C}.Release|Any CPU.ActiveCfg = Release|Any CPU
		{19140486-C96F-443B-9BCB-ED66C9D6354C}.Release|Any CPU.Build.0 = Release|Any CPU
	EndGlobalSection
	GlobalSection(SolutionProperties) = preSolution
		HideSolutionNode = FALSE
	EndGlobalSection
	GlobalSection(NestedProjects) = preSolution
		{318D2523-3C8B-4273-B1EA-DE339868403C} = {63A13BEF-B17E-43DE-A96C-D6A1433402DA}
		{0A27EF44-EC80-4FDB-8764-B153C169905D} = {35B0CB76-2656-4737-892A-C6F43D67E28E}
		{19140486-C96F-443B-9BCB-ED66C9D6354C} = {35B0CB76-2656-4737-892A-C6F43D67E28E}
	EndGlobalSection
EndGlobal
